
Microsoft Visual Studio Solution File, Format Version 12.00
# Visual Studio Version 17
VisualStudioVersion = 17.10.34928.147
MinimumVisualStudioVersion = 10.0.40219.1
Project("{FAE04EC0-301F-11D3-BF4B-00C04F79EFBC}") = "RazorPagesMovie", "RazorPagesMovie\RazorPagesMovie.csproj", "{DE7DAA3B-0753-4159-81E4-7C6FA1B1B970}"
EndProject
Global
	GlobalSection(SolutionConfigurationPlatforms) = preSolution
		Debug|Any CPU = Debug|Any CPU
		Release|Any CPU = Release|Any CPU
	EndGlobalSection
	GlobalSection(ProjectConfigurationPlatforms) = postSolution
		{DE7DAA3B-0753-4159-81E4-7C6FA1B1B970}.Debug|Any CPU.ActiveCfg = Debug|Any CPU
		{DE7DAA3B-0753-4159-81E4-7C6FA1B1B970}.Debug|Any CPU.Build.0 = Debug|Any CPU
		{DE7DAA3B-0753-4159-81E4-7C6FA1B1B970}.Release|Any CPU.ActiveCfg = Release|Any CPU
		{DE7DAA3B-0753-4159-81E4-7C6FA1B1B970}.Release|Any CPU.Build.0 = Release|Any CPU
	EndGlobalSection
	GlobalSection(SolutionProperties) = preSolution
		HideSolutionNode = FALSE
	EndGlobalSection
	GlobalSection(ExtensibilityGlobals) = postSolution
		SolutionGuid = {A2ED928D-86CB-489A-8F38-F6C53F670351}
	EndGlobalSection
EndGlobal
